
Microsoft Visual Studio Solution File, Format Version 12.00
# Visual Studio Version 17
VisualStudioVersion = 17.5.33530.505
MinimumVisualStudioVersion = 10.0.40219.1
Project("{FAE04EC0-301F-11D3-BF4B-00C04F79EFBC}") = "Images_Loader", "Images_Loader\Images_Loader.csproj", "{87B1988B-294E-46CB-8806-A5CD2E66E344}"
EndProject
Global
	GlobalSection(SolutionConfigurationPlatforms) = preSolution
		Debug|Any CPU = Debug|Any CPU
		Release|Any CPU = Release|Any CPU
	EndGlobalSection
	GlobalSection(ProjectConfigurationPlatforms) = postSolution
		{87B1988B-294E-46CB-8806-A5CD2E66E344}.Debug|Any CPU.ActiveCfg = Debug|Any CPU
		{87B1988B-294E-46CB-8806-A5CD2E66E344}.Debug|Any CPU.Build.0 = Debug|Any CPU
		{87B1988B-294E-46CB-8806-A5CD2E66E344}.Release|Any CPU.ActiveCfg = Release|Any CPU
		{87B1988B-294E-46CB-8806-A5CD2E66E344}.Release|Any CPU.Build.0 = Release|Any CPU
	EndGlobalSection
	GlobalSection(SolutionProperties) = preSolution
		HideSolutionNode = FALSE
	EndGlobalSection
	GlobalSection(ExtensibilityGlobals) = postSolution
		SolutionGuid = {C9DAEB2E-57AB-46A9-BF3B-ADE08189FF6F}
	EndGlobalSection
EndGlobal
